
Microsoft Visual Studio Solution File, Format Version 12.00
# Visual Studio Version 16
VisualStudioVersion = 16.0.30907.101
MinimumVisualStudioVersion = 10.0.40219.1
Project("{FAE04EC0-301F-11D3-BF4B-00C04F79EFBC}") = "BookList", "BookList\BookList.csproj", "{4A791C71-38DC-41D2-A06B-E619244BBA94}"
EndProject
Global
	GlobalSection(SolutionConfigurationPlatforms) = preSolution
		Debug|Any CPU = Debug|Any CPU
		Release|Any CPU = Release|Any CPU
	EndGlobalSection
	GlobalSection(ProjectConfigurationPlatforms) = postSolution
		{4A791C71-38DC-41D2-A06B-E619244BBA94}.Debug|Any CPU.ActiveCfg = Debug|Any CPU
		{4A791C71-38DC-41D2-A06B-E619244BBA94}.Debug|Any CPU.Build.0 = Debug|Any CPU
		{4A791C71-38DC-41D2-A06B-E619244BBA94}.Release|Any CPU.ActiveCfg = Release|Any CPU
		{4A791C71-38DC-41D2-A06B-E619244BBA94}.Release|Any CPU.Build.0 = Release|Any CPU
	EndGlobalSection
	GlobalSection(SolutionProperties) = preSolution
		HideSolutionNode = FALSE
	EndGlobalSection
	GlobalSection(ExtensibilityGlobals) = postSolution
		SolutionGuid = {62DCAB48-B557-465B-999F-897B342AFE5F}
	EndGlobalSection
EndGlobal
